
Microsoft Visual Studio Solution File, Format Version 12.00
# Visual Studio Version 17
VisualStudioVersion = 17.8.34511.84
MinimumVisualStudioVersion = 10.0.40219.1
Project("{FAE04EC0-301F-11D3-BF4B-00C04F79EFBC}") = "Lab03-01", "Lab03-01\Lab03-01.csproj", "{8D0991B7-EB7C-4EEA-A57F-A00902A90E90}"
EndProject
Project("{FAE04EC0-301F-11D3-BF4B-00C04F79EFBC}") = "Lab03-02", "Lab03-02\Lab03-02.csproj", "{EE9B64A3-DCFB-47CF-84C6-7FADD9279D84}"
EndProject
Project("{FAE04EC0-301F-11D3-BF4B-00C04F79EFBC}") = "Lab03-03", "Lab03-03\Lab03-03.csproj", "{40B2DB1F-EE6D-4C54-9B5A-9F57D83D9DEE}"
EndProject
Global
	GlobalSection(SolutionConfigurationPlatforms) = preSolution
		Debug|Any CPU = Debug|Any CPU
		Release|Any CPU = Release|Any CPU
	EndGlobalSection
	GlobalSection(ProjectConfigurationPlatforms) = postSolution
		{8D0991B7-EB7C-4EEA-A57F-A00902A90E90}.Debug|Any CPU.ActiveCfg = Debug|Any CPU
		{8D0991B7-EB7C-4EEA-A57F-A00902A90E90}.Debug|Any CPU.Build.0 = Debug|Any CPU
		{8D0991B7-EB7C-4EEA-A57F-A00902A90E90}.Release|Any CPU.ActiveCfg = Release|Any CPU
		{8D0991B7-EB7C-4EEA-A57F-A00902A90E90}.Release|Any CPU.Build.0 = Release|Any CPU
		{EE9B64A3-DCFB-47CF-84C6-7FADD9279D84}.Debug|Any CPU.ActiveCfg = Debug|Any CPU
		{EE9B64A3-DCFB-47CF-84C6-7FADD9279D84}.Debug|Any CPU.Build.0 = Debug|Any CPU
		{EE9B64A3-DCFB-47CF-84C6-7FADD9279D84}.Release|Any CPU.ActiveCfg = Release|Any CPU
		{EE9B64A3-DCFB-47CF-84C6-7FADD9279D84}.Release|Any CPU.Build.0 = Release|Any CPU
		{40B2DB1F-EE6D-4C54-9B5A-9F57D83D9DEE}.Debug|Any CPU.ActiveCfg = Debug|Any CPU
		{40B2DB1F-EE6D-4C54-9B5A-9F57D83D9DEE}.Debug|Any CPU.Build.0 = Debug|Any CPU
		{40B2DB1F-EE6D-4C54-9B5A-9F57D83D9DEE}.Release|Any CPU.ActiveCfg = Release|Any CPU
		{40B2DB1F-EE6D-4C54-9B5A-9F57D83D9DEE}.Release|Any CPU.Build.0 = Release|Any CPU
	EndGlobalSection
	GlobalSection(SolutionProperties) = preSolution
		HideSolutionNode = FALSE
	EndGlobalSection
	GlobalSection(ExtensibilityGlobals) = postSolution
		SolutionGuid = {5C65DEA8-27EE-4A94-A7C1-A5D91CDC9674}
	EndGlobalSection
EndGlobal
